// !$*UTF8*$!
{
	archiveVersion = 1;
	classes = {
	};
	objectVersion = 56;
	objects = {

/* Begin PBXBuildFile section */
		184520672BF180AA00F64285 /* WidgetKit.framework in Frameworks */ = {isa = PBXBuildFile; fileRef = 184520662BF180AA00F64285 /* WidgetKit.framework */; };
		184520692BF180AA00F64285 /* SwiftUI.framework in Frameworks */ = {isa = PBXBuildFile; fileRef = 184520682BF180AA00F64285 /* SwiftUI.framework */; };
		1845206C2BF180AA00F64285 /* AppPromoStatsCardViewBundle.swift in Sources */ = {isa = PBXBuildFile; fileRef = 1845206B2BF180AA00F64285 /* AppPromoStatsCardViewBundle.swift */; };
		1845206E2BF180AA00F64285 /* AppPromoStatsCardView.swift in Sources */ = {isa = PBXBuildFile; fileRef = 1845206D2BF180AA00F64285 /* AppPromoStatsCardView.swift */; };
		184520702BF180AB00F64285 /* Assets.xcassets in Resources */ = {isa = PBXBuildFile; fileRef = 1845206F2BF180AB00F64285 /* Assets.xcassets */; };
		184520742BF180AB00F64285 /* AppPromoStatsCardViewExtension.appex in Embed Foundation Extensions */ = {isa = PBXBuildFile; fileRef = 184520652BF180AA00F64285 /* AppPromoStatsCardViewExtension.appex */; settings = {ATTRIBUTES = (RemoveHeadersOnCopy, ); }; };
		1845207A2BF1847900F64285 /* AppPromo in Frameworks */ = {isa = PBXBuildFile; productRef = 184520792BF1847900F64285 /* AppPromo */; };
		1845207C2BF1847900F64285 /* FoundationUtils in Frameworks */ = {isa = PBXBuildFile; productRef = 1845207B2BF1847900F64285 /* FoundationUtils */; };
		1845207E2BF1847900F64285 /* SwiftUIComponents in Frameworks */ = {isa = PBXBuildFile; productRef = 1845207D2BF1847900F64285 /* SwiftUIComponents */; };
		3B0605BB2B229C3A00F63EC5 /* FinancesIOSApp.swift in Sources */ = {isa = PBXBuildFile; fileRef = 3B0605BA2B229C3A00F63EC5 /* FinancesIOSApp.swift */; };
		3B0605C12B229C3B00F63EC5 /* Assets.xcassets in Resources */ = {isa = PBXBuildFile; fileRef = 3B0605C02B229C3B00F63EC5 /* Assets.xcassets */; };
		3B0605C42B229C3C00F63EC5 /* Preview Assets.xcassets in Resources */ = {isa = PBXBuildFile; fileRef = 3B0605C32B229C3C00F63EC5 /* Preview Assets.xcassets */; };
		3B0605CF2B229C3C00F63EC5 /* FinancesIOSTests.swift in Sources */ = {isa = PBXBuildFile; fileRef = 3B0605CE2B229C3C00F63EC5 /* FinancesIOSTests.swift */; };
		3B0605D92B229C3C00F63EC5 /* FinancesIOSUITests.swift in Sources */ = {isa = PBXBuildFile; fileRef = 3B0605D82B229C3C00F63EC5 /* FinancesIOSUITests.swift */; };
		3B0605DB2B229C3C00F63EC5 /* FinancesIOSUITestsLaunchTests.swift in Sources */ = {isa = PBXBuildFile; fileRef = 3B0605DA2B229C3C00F63EC5 /* FinancesIOSUITestsLaunchTests.swift */; };
		3B0605EC2B22A04600F63EC5 /* FinancesApp in Frameworks */ = {isa = PBXBuildFile; productRef = 3B0605EB2B22A04600F63EC5 /* FinancesApp */; };
		3B0605F22B22A0D500F63EC5 /* SheetsViewApp.swift in Sources */ = {isa = PBXBuildFile; fileRef = 3BAAC4CC2B1D4CF70083F532 /* SheetsViewApp.swift */; };
		3B0605F32B22A0D800F63EC5 /* AppCoordinator.swift in Sources */ = {isa = PBXBuildFile; fileRef = 3BAAC4C72B1D35CB0083F532 /* AppCoordinator.swift */; };
		3B0605F42B22A0D800F63EC5 /* AppStore.swift in Sources */ = {isa = PBXBuildFile; fileRef = 3BAAC4C92B1D36300083F532 /* AppStore.swift */; };
		3B0605F52B22A0DE00F63EC5 /* UTTypeExtensions.swift in Sources */ = {isa = PBXBuildFile; fileRef = 3BB5E8652B1548540099C83C /* UTTypeExtensions.swift */; };
		3B0605F62B22A0DE00F63EC5 /* Preview.swift in Sources */ = {isa = PBXBuildFile; fileRef = 3BB5E8692B15693F0099C83C /* Preview.swift */; };
		3B1211D12B26C23500274A20 /* FinancesDB in Frameworks */ = {isa = PBXBuildFile; productRef = 3B1211D02B26C23500274A20 /* FinancesDB */; };
		3B75D20B2B1435A1004BCF64 /* FinancesMacApp.swift in Sources */ = {isa = PBXBuildFile; fileRef = 3B75D20A2B1435A1004BCF64 /* FinancesMacApp.swift */; };
		3B75D20F2B1435A1004BCF64 /* ContentView.swift in Sources */ = {isa = PBXBuildFile; fileRef = 3B75D20E2B1435A1004BCF64 /* ContentView.swift */; };
		3B75D2112B1435A2004BCF64 /* Assets.xcassets in Resources */ = {isa = PBXBuildFile; fileRef = 3B75D2102B1435A2004BCF64 /* Assets.xcassets */; };
		3B75D2142B1435A2004BCF64 /* Preview Assets.xcassets in Resources */ = {isa = PBXBuildFile; fileRef = 3B75D2132B1435A2004BCF64 /* Preview Assets.xcassets */; };
		3B75D2202B1435A2004BCF64 /* FinancesMacTests.swift in Sources */ = {isa = PBXBuildFile; fileRef = 3B75D21F2B1435A2004BCF64 /* FinancesMacTests.swift */; };
		3B75D22A2B1435A2004BCF64 /* FinancesMacUITests.swift in Sources */ = {isa = PBXBuildFile; fileRef = 3B75D2292B1435A2004BCF64 /* FinancesMacUITests.swift */; };
		3B75D22C2B1435A2004BCF64 /* FinancesMacUITestsLaunchTests.swift in Sources */ = {isa = PBXBuildFile; fileRef = 3B75D22B2B1435A2004BCF64 /* FinancesMacUITestsLaunchTests.swift */; };
		3B75D23A2B143695004BCF64 /* FinancesApp in Frameworks */ = {isa = PBXBuildFile; productRef = 3B75D2392B143695004BCF64 /* FinancesApp */; };
		3B75D23C2B143695004BCF64 /* FinancesCore in Frameworks */ = {isa = PBXBuildFile; productRef = 3B75D23B2B143695004BCF64 /* FinancesCore */; };
		3BAAC4C82B1D35CB0083F532 /* AppCoordinator.swift in Sources */ = {isa = PBXBuildFile; fileRef = 3BAAC4C72B1D35CB0083F532 /* AppCoordinator.swift */; };
		3BAAC4CA2B1D36300083F532 /* AppStore.swift in Sources */ = {isa = PBXBuildFile; fileRef = 3BAAC4C92B1D36300083F532 /* AppStore.swift */; };
		3BAAC4CD2B1D4CF70083F532 /* SheetsViewApp.swift in Sources */ = {isa = PBXBuildFile; fileRef = 3BAAC4CC2B1D4CF70083F532 /* SheetsViewApp.swift */; };
		3BB5E8662B1548540099C83C /* UTTypeExtensions.swift in Sources */ = {isa = PBXBuildFile; fileRef = 3BB5E8652B1548540099C83C /* UTTypeExtensions.swift */; };
		3BB5E8682B1549280099C83C /* FinancesDB in Frameworks */ = {isa = PBXBuildFile; productRef = 3BB5E8672B1549280099C83C /* FinancesDB */; };
		3BB5E86A2B15693F0099C83C /* Preview.swift in Sources */ = {isa = PBXBuildFile; fileRef = 3BB5E8692B15693F0099C83C /* Preview.swift */; };
		3BE0D7F42B2DC85500F518D7 /* AppPromo in Frameworks */ = {isa = PBXBuildFile; productRef = 3BE0D7F32B2DC85500F518D7 /* AppPromo */; };
		3BE0D7F62B2DC85500F518D7 /* CloudApp in Frameworks */ = {isa = PBXBuildFile; productRef = 3BE0D7F52B2DC85500F518D7 /* CloudApp */; };
		3BE0D7F82B2DC85500F518D7 /* ExpenseTrackerDesignCode in Frameworks */ = {isa = PBXBuildFile; productRef = 3BE0D7F72B2DC85500F518D7 /* ExpenseTrackerDesignCode */; };
		3BE0D7FA2B2DC85500F518D7 /* ExpenseTrackerKavsoft in Frameworks */ = {isa = PBXBuildFile; productRef = 3BE0D7F92B2DC85500F518D7 /* ExpenseTrackerKavsoft */; };
		3BE0D7FC2B2DC85500F518D7 /* Wallet in Frameworks */ = {isa = PBXBuildFile; productRef = 3BE0D7FB2B2DC85500F518D7 /* Wallet */; };
		3BE790DC2B26C1720068B8C5 /* FinancesCore in Frameworks */ = {isa = PBXBuildFile; productRef = 3BE790DB2B26C1720068B8C5 /* FinancesCore */; };
/* End PBXBuildFile section */

/* Begin PBXContainerItemProxy section */
		184520722BF180AB00F64285 /* PBXContainerItemProxy */ = {
			isa = PBXContainerItemProxy;
			containerPortal = 3B75D1FF2B1435A1004BCF64 /* Project object */;
			proxyType = 1;
			remoteGlobalIDString = 184520642BF180AA00F64285;
			remoteInfo = AppPromoStatsCardViewExtension;
		};
		3B0605CB2B229C3C00F63EC5 /* PBXContainerItemProxy */ = {
			isa = PBXContainerItemProxy;
			containerPortal = 3B75D1FF2B1435A1004BCF64 /* Project object */;
			proxyType = 1;
			remoteGlobalIDString = 3B0605B72B229C3A00F63EC5;
			remoteInfo = FinancesIOS;
		};
		3B0605D52B229C3C00F63EC5 /* PBXContainerItemProxy */ = {
			isa = PBXContainerItemProxy;
			containerPortal = 3B75D1FF2B1435A1004BCF64 /* Project object */;
			proxyType = 1;
			remoteGlobalIDString = 3B0605B72B229C3A00F63EC5;
			remoteInfo = FinancesIOS;
		};
		3B75D21C2B1435A2004BCF64 /* PBXContainerItemProxy */ = {
			isa = PBXContainerItemProxy;
			containerPortal = 3B75D1FF2B1435A1004BCF64 /* Project object */;
			proxyType = 1;
			remoteGlobalIDString = 3B75D2062B1435A1004BCF64;
			remoteInfo = FinancesMac;
		};
		3B75D2262B1435A2004BCF64 /* PBXContainerItemProxy */ = {
			isa = PBXContainerItemProxy;
			containerPortal = 3B75D1FF2B1435A1004BCF64 /* Project object */;
			proxyType = 1;
			remoteGlobalIDString = 3B75D2062B1435A1004BCF64;
			remoteInfo = FinancesMac;
		};
/* End PBXContainerItemProxy section */

/* Begin PBXCopyFilesBuildPhase section */
		184520752BF180AB00F64285 /* Embed Foundation Extensions */ = {
			isa = PBXCopyFilesBuildPhase;
			buildActionMask = 2147483647;
			dstPath = "";
			dstSubfolderSpec = 13;
			files = (
				184520742BF180AB00F64285 /* AppPromoStatsCardViewExtension.appex in Embed Foundation Extensions */,
			);
			name = "Embed Foundation Extensions";
			runOnlyForDeploymentPostprocessing = 0;
		};
/* End PBXCopyFilesBuildPhase section */

/* Begin PBXFileReference section */
		184520652BF180AA00F64285 /* AppPromoStatsCardViewExtension.appex */ = {isa = PBXFileReference; explicitFileType = "wrapper.app-extension"; includeInIndex = 0; path = AppPromoStatsCardViewExtension.appex; sourceTree = BUILT_PRODUCTS_DIR; };
		184520662BF180AA00F64285 /* WidgetKit.framework */ = {isa = PBXFileReference; lastKnownFileType = wrapper.framework; name = WidgetKit.framework; path = System/Library/Frameworks/WidgetKit.framework; sourceTree = SDKROOT; };
		184520682BF180AA00F64285 /* SwiftUI.framework */ = {isa = PBXFileReference; lastKnownFileType = wrapper.framework; name = SwiftUI.framework; path = System/Library/Frameworks/SwiftUI.framework; sourceTree = SDKROOT; };
		1845206B2BF180AA00F64285 /* AppPromoStatsCardViewBundle.swift */ = {isa = PBXFileReference; lastKnownFileType = sourcecode.swift; path = AppPromoStatsCardViewBundle.swift; sourceTree = "<group>"; };
		1845206D2BF180AA00F64285 /* AppPromoStatsCardView.swift */ = {isa = PBXFileReference; lastKnownFileType = sourcecode.swift; path = AppPromoStatsCardView.swift; sourceTree = "<group>"; };
		1845206F2BF180AB00F64285 /* Assets.xcassets */ = {isa = PBXFileReference; lastKnownFileType = folder.assetcatalog; path = Assets.xcassets; sourceTree = "<group>"; };
		184520712BF180AB00F64285 /* Info.plist */ = {isa = PBXFileReference; lastKnownFileType = text.plist.xml; path = Info.plist; sourceTree = "<group>"; };
		1845207F2BF18AAE00F64285 /* AppPromoStatsCardViewExtension.entitlements */ = {isa = PBXFileReference; lastKnownFileType = text.plist.entitlements; path = AppPromoStatsCardViewExtension.entitlements; sourceTree = "<group>"; };
		184520802BF18ADF00F64285 /* FinancesIOS.entitlements */ = {isa = PBXFileReference; lastKnownFileType = text.plist.entitlements; path = FinancesIOS.entitlements; sourceTree = "<group>"; };
		3B0605B82B229C3A00F63EC5 /* FinancesIOS.app */ = {isa = PBXFileReference; explicitFileType = wrapper.application; includeInIndex = 0; path = FinancesIOS.app; sourceTree = BUILT_PRODUCTS_DIR; };
		3B0605BA2B229C3A00F63EC5 /* FinancesIOSApp.swift */ = {isa = PBXFileReference; lastKnownFileType = sourcecode.swift; path = FinancesIOSApp.swift; sourceTree = "<group>"; };
		3B0605C02B229C3B00F63EC5 /* Assets.xcassets */ = {isa = PBXFileReference; lastKnownFileType = folder.assetcatalog; path = Assets.xcassets; sourceTree = "<group>"; };
		3B0605C32B229C3C00F63EC5 /* Preview Assets.xcassets */ = {isa = PBXFileReference; lastKnownFileType = folder.assetcatalog; path = "Preview Assets.xcassets"; sourceTree = "<group>"; };
		3B0605C52B229C3C00F63EC5 /* Info.plist */ = {isa = PBXFileReference; lastKnownFileType = text.plist.xml; path = Info.plist; sourceTree = "<group>"; };
		3B0605CA2B229C3C00F63EC5 /* FinancesIOSTests.xctest */ = {isa = PBXFileReference; explicitFileType = wrapper.cfbundle; includeInIndex = 0; path = FinancesIOSTests.xctest; sourceTree = BUILT_PRODUCTS_DIR; };
		3B0605CE2B229C3C00F63EC5 /* FinancesIOSTests.swift */ = {isa = PBXFileReference; lastKnownFileType = sourcecode.swift; path = FinancesIOSTests.swift; sourceTree = "<group>"; };
		3B0605D42B229C3C00F63EC5 /* FinancesIOSUITests.xctest */ = {isa = PBXFileReference; explicitFileType = wrapper.cfbundle; includeInIndex = 0; path = FinancesIOSUITests.xctest; sourceTree = BUILT_PRODUCTS_DIR; };
		3B0605D82B229C3C00F63EC5 /* FinancesIOSUITests.swift */ = {isa = PBXFileReference; lastKnownFileType = sourcecode.swift; path = FinancesIOSUITests.swift; sourceTree = "<group>"; };
		3B0605DA2B229C3C00F63EC5 /* FinancesIOSUITestsLaunchTests.swift */ = {isa = PBXFileReference; lastKnownFileType = sourcecode.swift; path = FinancesIOSUITestsLaunchTests.swift; sourceTree = "<group>"; };
		3B75D2072B1435A1004BCF64 /* FinancesMac.app */ = {isa = PBXFileReference; explicitFileType = wrapper.application; includeInIndex = 0; path = FinancesMac.app; sourceTree = BUILT_PRODUCTS_DIR; };
		3B75D20A2B1435A1004BCF64 /* FinancesMacApp.swift */ = {isa = PBXFileReference; lastKnownFileType = sourcecode.swift; path = FinancesMacApp.swift; sourceTree = "<group>"; };
		3B75D20E2B1435A1004BCF64 /* ContentView.swift */ = {isa = PBXFileReference; lastKnownFileType = sourcecode.swift; path = ContentView.swift; sourceTree = "<group>"; };
		3B75D2102B1435A2004BCF64 /* Assets.xcassets */ = {isa = PBXFileReference; lastKnownFileType = folder.assetcatalog; path = Assets.xcassets; sourceTree = "<group>"; };
		3B75D2132B1435A2004BCF64 /* Preview Assets.xcassets */ = {isa = PBXFileReference; lastKnownFileType = folder.assetcatalog; path = "Preview Assets.xcassets"; sourceTree = "<group>"; };
		3B75D2152B1435A2004BCF64 /* Info.plist */ = {isa = PBXFileReference; lastKnownFileType = text.plist.xml; path = Info.plist; sourceTree = "<group>"; };
		3B75D2162B1435A2004BCF64 /* FinancesMac.entitlements */ = {isa = PBXFileReference; lastKnownFileType = text.plist.entitlements; path = FinancesMac.entitlements; sourceTree = "<group>"; };
		3B75D21B2B1435A2004BCF64 /* FinancesMacTests.xctest */ = {isa = PBXFileReference; explicitFileType = wrapper.cfbundle; includeInIndex = 0; path = FinancesMacTests.xctest; sourceTree = BUILT_PRODUCTS_DIR; };
		3B75D21F2B1435A2004BCF64 /* FinancesMacTests.swift */ = {isa = PBXFileReference; lastKnownFileType = sourcecode.swift; path = FinancesMacTests.swift; sourceTree = "<group>"; };
		3B75D2252B1435A2004BCF64 /* FinancesMacUITests.xctest */ = {isa = PBXFileReference; explicitFileType = wrapper.cfbundle; includeInIndex = 0; path = FinancesMacUITests.xctest; sourceTree = BUILT_PRODUCTS_DIR; };
		3B75D2292B1435A2004BCF64 /* FinancesMacUITests.swift */ = {isa = PBXFileReference; lastKnownFileType = sourcecode.swift; path = FinancesMacUITests.swift; sourceTree = "<group>"; };
		3B75D22B2B1435A2004BCF64 /* FinancesMacUITestsLaunchTests.swift */ = {isa = PBXFileReference; lastKnownFileType = sourcecode.swift; path = FinancesMacUITestsLaunchTests.swift; sourceTree = "<group>"; };
		3BAAC4C72B1D35CB0083F532 /* AppCoordinator.swift */ = {isa = PBXFileReference; lastKnownFileType = sourcecode.swift; path = AppCoordinator.swift; sourceTree = "<group>"; };
		3BAAC4C92B1D36300083F532 /* AppStore.swift */ = {isa = PBXFileReference; lastKnownFileType = sourcecode.swift; path = AppStore.swift; sourceTree = "<group>"; };
		3BAAC4CC2B1D4CF70083F532 /* SheetsViewApp.swift */ = {isa = PBXFileReference; lastKnownFileType = sourcecode.swift; path = SheetsViewApp.swift; sourceTree = "<group>"; };
		3BB5E8652B1548540099C83C /* UTTypeExtensions.swift */ = {isa = PBXFileReference; lastKnownFileType = sourcecode.swift; path = UTTypeExtensions.swift; sourceTree = "<group>"; };
		3BB5E8692B15693F0099C83C /* Preview.swift */ = {isa = PBXFileReference; lastKnownFileType = sourcecode.swift; path = Preview.swift; sourceTree = "<group>"; };
/* End PBXFileReference section */

/* Begin PBXFrameworksBuildPhase section */
		184520622BF180AA00F64285 /* Frameworks */ = {
			isa = PBXFrameworksBuildPhase;
			buildActionMask = 2147483647;
			files = (
				1845207A2BF1847900F64285 /* AppPromo in Frameworks */,
				184520692BF180AA00F64285 /* SwiftUI.framework in Frameworks */,
				1845207E2BF1847900F64285 /* SwiftUIComponents in Frameworks */,
				184520672BF180AA00F64285 /* WidgetKit.framework in Frameworks */,
				1845207C2BF1847900F64285 /* FoundationUtils in Frameworks */,
			);
			runOnlyForDeploymentPostprocessing = 0;
		};
		3B0605B52B229C3A00F63EC5 /* Frameworks */ = {
			isa = PBXFrameworksBuildPhase;
			buildActionMask = 2147483647;
			files = (
				3BE0D7FA2B2DC85500F518D7 /* ExpenseTrackerKavsoft in Frameworks */,
				3B1211D12B26C23500274A20 /* FinancesDB in Frameworks */,
				3BE0D7F62B2DC85500F518D7 /* CloudApp in Frameworks */,
				3BE790DC2B26C1720068B8C5 /* FinancesCore in Frameworks */,
				3BE0D7F82B2DC85500F518D7 /* ExpenseTrackerDesignCode in Frameworks */,
				3BE0D7F42B2DC85500F518D7 /* AppPromo in Frameworks */,
				3B0605EC2B22A04600F63EC5 /* FinancesApp in Frameworks */,
				3BE0D7FC2B2DC85500F518D7 /* Wallet in Frameworks */,
			);
			runOnlyForDeploymentPostprocessing = 0;
		};
		3B0605C72B229C3C00F63EC5 /* Frameworks */ = {
			isa = PBXFrameworksBuildPhase;
			buildActionMask = 2147483647;
			files = (
			);
			runOnlyForDeploymentPostprocessing = 0;
		};
		3B0605D12B229C3C00F63EC5 /* Frameworks */ = {
			isa = PBXFrameworksBuildPhase;
			buildActionMask = 2147483647;
			files = (
			);
			runOnlyForDeploymentPostprocessing = 0;
		};
		3B75D2042B1435A1004BCF64 /* Frameworks */ = {
			isa = PBXFrameworksBuildPhase;
			buildActionMask = 2147483647;
			files = (
				3BB5E8682B1549280099C83C /* FinancesDB in Frameworks */,
				3B75D23C2B143695004BCF64 /* FinancesCore in Frameworks */,
				3B75D23A2B143695004BCF64 /* FinancesApp in Frameworks */,
			);
			runOnlyForDeploymentPostprocessing = 0;
		};
		3B75D2182B1435A2004BCF64 /* Frameworks */ = {
			isa = PBXFrameworksBuildPhase;
			buildActionMask = 2147483647;
			files = (
			);
			runOnlyForDeploymentPostprocessing = 0;
		};
		3B75D2222B1435A2004BCF64 /* Frameworks */ = {
			isa = PBXFrameworksBuildPhase;
			buildActionMask = 2147483647;
			files = (
			);
			runOnlyForDeploymentPostprocessing = 0;
		};
/* End PBXFrameworksBuildPhase section */

/* Begin PBXGroup section */
		1845206A2BF180AA00F64285 /* AppPromoStatsCardView */ = {
			isa = PBXGroup;
			children = (
				1845206B2BF180AA00F64285 /* AppPromoStatsCardViewBundle.swift */,
				1845206D2BF180AA00F64285 /* AppPromoStatsCardView.swift */,
				1845206F2BF180AB00F64285 /* Assets.xcassets */,
				184520712BF180AB00F64285 /* Info.plist */,
			);
			path = AppPromoStatsCardView;
			sourceTree = "<group>";
		};
		3B0605B92B229C3A00F63EC5 /* FinancesIOS */ = {
			isa = PBXGroup;
			children = (
				184520802BF18ADF00F64285 /* FinancesIOS.entitlements */,
				3B0605BA2B229C3A00F63EC5 /* FinancesIOSApp.swift */,
				3B0605C02B229C3B00F63EC5 /* Assets.xcassets */,
				3B0605C52B229C3C00F63EC5 /* Info.plist */,
				3B0605C22B229C3C00F63EC5 /* Preview Content */,
			);
			path = FinancesIOS;
			sourceTree = "<group>";
		};
		3B0605C22B229C3C00F63EC5 /* Preview Content */ = {
			isa = PBXGroup;
			children = (
				3B0605C32B229C3C00F63EC5 /* Preview Assets.xcassets */,
			);
			path = "Preview Content";
			sourceTree = "<group>";
		};
		3B0605CD2B229C3C00F63EC5 /* FinancesIOSTests */ = {
			isa = PBXGroup;
			children = (
				3B0605CE2B229C3C00F63EC5 /* FinancesIOSTests.swift */,
			);
			path = FinancesIOSTests;
			sourceTree = "<group>";
		};
		3B0605D72B229C3C00F63EC5 /* FinancesIOSUITests */ = {
			isa = PBXGroup;
			children = (
				3B0605D82B229C3C00F63EC5 /* FinancesIOSUITests.swift */,
				3B0605DA2B229C3C00F63EC5 /* FinancesIOSUITestsLaunchTests.swift */,
			);
			path = FinancesIOSUITests;
			sourceTree = "<group>";
		};
		3B75D1FE2B1435A1004BCF64 = {
			isa = PBXGroup;
			children = (
				1845207F2BF18AAE00F64285 /* AppPromoStatsCardViewExtension.entitlements */,
				3B75D2092B1435A1004BCF64 /* FinancesMac */,
				3B75D21E2B1435A2004BCF64 /* FinancesMacTests */,
				3B75D2282B1435A2004BCF64 /* FinancesMacUITests */,
				3B0605B92B229C3A00F63EC5 /* FinancesIOS */,
				3B0605CD2B229C3C00F63EC5 /* FinancesIOSTests */,
				3B0605D72B229C3C00F63EC5 /* FinancesIOSUITests */,
				1845206A2BF180AA00F64285 /* AppPromoStatsCardView */,
				3B75D2082B1435A1004BCF64 /* Products */,
				3B75D2382B143695004BCF64 /* Frameworks */,
			);
			sourceTree = "<group>";
		};
		3B75D2082B1435A1004BCF64 /* Products */ = {
			isa = PBXGroup;
			children = (
				3B75D2072B1435A1004BCF64 /* FinancesMac.app */,
				3B75D21B2B1435A2004BCF64 /* FinancesMacTests.xctest */,
				3B75D2252B1435A2004BCF64 /* FinancesMacUITests.xctest */,
				3B0605B82B229C3A00F63EC5 /* FinancesIOS.app */,
				3B0605CA2B229C3C00F63EC5 /* FinancesIOSTests.xctest */,
				3B0605D42B229C3C00F63EC5 /* FinancesIOSUITests.xctest */,
				184520652BF180AA00F64285 /* AppPromoStatsCardViewExtension.appex */,
			);
			name = Products;
			sourceTree = "<group>";
		};
		3B75D2092B1435A1004BCF64 /* FinancesMac */ = {
			isa = PBXGroup;
			children = (
				3B75D20A2B1435A1004BCF64 /* FinancesMacApp.swift */,
				3B75D20E2B1435A1004BCF64 /* ContentView.swift */,
				3BAAC4CB2B1D4CE60083F532 /* Scene */,
				3BAAC4C62B1D35BE0083F532 /* MainFiles */,
				3BB5E8642B1548420099C83C /* SupportFiles */,
				3B75D2102B1435A2004BCF64 /* Assets.xcassets */,
				3B75D2152B1435A2004BCF64 /* Info.plist */,
				3B75D2162B1435A2004BCF64 /* FinancesMac.entitlements */,
				3B75D2122B1435A2004BCF64 /* Preview Content */,
			);
			path = FinancesMac;
			sourceTree = "<group>";
		};
		3B75D2122B1435A2004BCF64 /* Preview Content */ = {
			isa = PBXGroup;
			children = (
				3B75D2132B1435A2004BCF64 /* Preview Assets.xcassets */,
			);
			path = "Preview Content";
			sourceTree = "<group>";
		};
		3B75D21E2B1435A2004BCF64 /* FinancesMacTests */ = {
			isa = PBXGroup;
			children = (
				3B75D21F2B1435A2004BCF64 /* FinancesMacTests.swift */,
			);
			path = FinancesMacTests;
			sourceTree = "<group>";
		};
		3B75D2282B1435A2004BCF64 /* FinancesMacUITests */ = {
			isa = PBXGroup;
			children = (
				3B75D2292B1435A2004BCF64 /* FinancesMacUITests.swift */,
				3B75D22B2B1435A2004BCF64 /* FinancesMacUITestsLaunchTests.swift */,
			);
			path = FinancesMacUITests;
			sourceTree = "<group>";
		};
		3B75D2382B143695004BCF64 /* Frameworks */ = {
			isa = PBXGroup;
			children = (
				184520662BF180AA00F64285 /* WidgetKit.framework */,
				184520682BF180AA00F64285 /* SwiftUI.framework */,
			);
			name = Frameworks;
			sourceTree = "<group>";
		};
		3BAAC4C62B1D35BE0083F532 /* MainFiles */ = {
			isa = PBXGroup;
			children = (
				3BAAC4C72B1D35CB0083F532 /* AppCoordinator.swift */,
				3BAAC4C92B1D36300083F532 /* AppStore.swift */,
			);
			path = MainFiles;
			sourceTree = "<group>";
		};
		3BAAC4CB2B1D4CE60083F532 /* Scene */ = {
			isa = PBXGroup;
			children = (
				3BAAC4CC2B1D4CF70083F532 /* SheetsViewApp.swift */,
			);
			path = Scene;
			sourceTree = "<group>";
		};
		3BB5E8642B1548420099C83C /* SupportFiles */ = {
			isa = PBXGroup;
			children = (
				3BB5E8652B1548540099C83C /* UTTypeExtensions.swift */,
				3BB5E8692B15693F0099C83C /* Preview.swift */,
			);
			path = SupportFiles;
			sourceTree = "<group>";
		};
/* End PBXGroup section */

/* Begin PBXNativeTarget section */
		184520642BF180AA00F64285 /* AppPromoStatsCardViewExtension */ = {
			isa = PBXNativeTarget;
			buildConfigurationList = 184520782BF180AB00F64285 /* Build configuration list for PBXNativeTarget "AppPromoStatsCardViewExtension" */;
			buildPhases = (
				184520612BF180AA00F64285 /* Sources */,
				184520622BF180AA00F64285 /* Frameworks */,
				184520632BF180AA00F64285 /* Resources */,
			);
			buildRules = (
			);
			dependencies = (
			);
			name = AppPromoStatsCardViewExtension;
			packageProductDependencies = (
				184520792BF1847900F64285 /* AppPromo */,
				1845207B2BF1847900F64285 /* FoundationUtils */,
				1845207D2BF1847900F64285 /* SwiftUIComponents */,
			);
			productName = AppPromoStatsCardViewExtension;
			productReference = 184520652BF180AA00F64285 /* AppPromoStatsCardViewExtension.appex */;
			productType = "com.apple.product-type.app-extension";
		};
		3B0605B72B229C3A00F63EC5 /* FinancesIOS */ = {
			isa = PBXNativeTarget;
			buildConfigurationList = 3B0605DC2B229C3C00F63EC5 /* Build configuration list for PBXNativeTarget "FinancesIOS" */;
			buildPhases = (
				3B0605B42B229C3A00F63EC5 /* Sources */,
				3B0605B52B229C3A00F63EC5 /* Frameworks */,
				3B0605B62B229C3A00F63EC5 /* Resources */,
				184520752BF180AB00F64285 /* Embed Foundation Extensions */,
			);
			buildRules = (
			);
			dependencies = (
				184520732BF180AB00F64285 /* PBXTargetDependency */,
			);
			name = FinancesIOS;
			packageProductDependencies = (
				3B0605EB2B22A04600F63EC5 /* FinancesApp */,
				3BE790DB2B26C1720068B8C5 /* FinancesCore */,
				3B1211D02B26C23500274A20 /* FinancesDB */,
				3BE0D7F32B2DC85500F518D7 /* AppPromo */,
				3BE0D7F52B2DC85500F518D7 /* CloudApp */,
				3BE0D7F72B2DC85500F518D7 /* ExpenseTrackerDesignCode */,
				3BE0D7F92B2DC85500F518D7 /* ExpenseTrackerKavsoft */,
				3BE0D7FB2B2DC85500F518D7 /* Wallet */,
			);
			productName = FinancesIOS;
			productReference = 3B0605B82B229C3A00F63EC5 /* FinancesIOS.app */;
			productType = "com.apple.product-type.application";
		};
		3B0605C92B229C3C00F63EC5 /* FinancesIOSTests */ = {
			isa = PBXNativeTarget;
			buildConfigurationList = 3B0605DF2B229C3C00F63EC5 /* Build configuration list for PBXNativeTarget "FinancesIOSTests" */;
			buildPhases = (
				3B0605C62B229C3C00F63EC5 /* Sources */,
				3B0605C72B229C3C00F63EC5 /* Frameworks */,
				3B0605C82B229C3C00F63EC5 /* Resources */,
			);
			buildRules = (
			);
			dependencies = (
				3B0605CC2B229C3C00F63EC5 /* PBXTargetDependency */,
			);
			name = FinancesIOSTests;
			productName = FinancesIOSTests;
			productReference = 3B0605CA2B229C3C00F63EC5 /* FinancesIOSTests.xctest */;
			productType = "com.apple.product-type.bundle.unit-test";
		};
		3B0605D32B229C3C00F63EC5 /* FinancesIOSUITests */ = {
			isa = PBXNativeTarget;
			buildConfigurationList = 3B0605E22B229C3C00F63EC5 /* Build configuration list for PBXNativeTarget "FinancesIOSUITests" */;
			buildPhases = (
				3B0605D02B229C3C00F63EC5 /* Sources */,
				3B0605D12B229C3C00F63EC5 /* Frameworks */,
				3B0605D22B229C3C00F63EC5 /* Resources */,
			);
			buildRules = (
			);
			dependencies = (
				3B0605D62B229C3C00F63EC5 /* PBXTargetDependency */,
			);
			name = FinancesIOSUITests;
			productName = FinancesIOSUITests;
			productReference = 3B0605D42B229C3C00F63EC5 /* FinancesIOSUITests.xctest */;
			productType = "com.apple.product-type.bundle.ui-testing";
		};
		3B75D2062B1435A1004BCF64 /* FinancesMac */ = {
			isa = PBXNativeTarget;
			buildConfigurationList = 3B75D22F2B1435A2004BCF64 /* Build configuration list for PBXNativeTarget "FinancesMac" */;
			buildPhases = (
				3B75D2032B1435A1004BCF64 /* Sources */,
				3B75D2042B1435A1004BCF64 /* Frameworks */,
				3B75D2052B1435A1004BCF64 /* Resources */,
			);
			buildRules = (
			);
			dependencies = (
			);
			name = FinancesMac;
			packageProductDependencies = (
				3B75D2392B143695004BCF64 /* FinancesApp */,
				3B75D23B2B143695004BCF64 /* FinancesCore */,
				3BB5E8672B1549280099C83C /* FinancesDB */,
			);
			productName = FinancesMac;
			productReference = 3B75D2072B1435A1004BCF64 /* FinancesMac.app */;
			productType = "com.apple.product-type.application";
		};
		3B75D21A2B1435A2004BCF64 /* FinancesMacTests */ = {
			isa = PBXNativeTarget;
			buildConfigurationList = 3B75D2322B1435A2004BCF64 /* Build configuration list for PBXNativeTarget "FinancesMacTests" */;
			buildPhases = (
				3B75D2172B1435A2004BCF64 /* Sources */,
				3B75D2182B1435A2004BCF64 /* Frameworks */,
				3B75D2192B1435A2004BCF64 /* Resources */,
			);
			buildRules = (
			);
			dependencies = (
				3B75D21D2B1435A2004BCF64 /* PBXTargetDependency */,
			);
			name = FinancesMacTests;
			productName = FinancesMacTests;
			productReference = 3B75D21B2B1435A2004BCF64 /* FinancesMacTests.xctest */;
			productType = "com.apple.product-type.bundle.unit-test";
		};
		3B75D2242B1435A2004BCF64 /* FinancesMacUITests */ = {
			isa = PBXNativeTarget;
			buildConfigurationList = 3B75D2352B1435A2004BCF64 /* Build configuration list for PBXNativeTarget "FinancesMacUITests" */;
			buildPhases = (
				3B75D2212B1435A2004BCF64 /* Sources */,
				3B75D2222B1435A2004BCF64 /* Frameworks */,
				3B75D2232B1435A2004BCF64 /* Resources */,
			);
			buildRules = (
			);
			dependencies = (
				3B75D2272B1435A2004BCF64 /* PBXTargetDependency */,
			);
			name = FinancesMacUITests;
			productName = FinancesMacUITests;
			productReference = 3B75D2252B1435A2004BCF64 /* FinancesMacUITests.xctest */;
			productType = "com.apple.product-type.bundle.ui-testing";
		};
/* End PBXNativeTarget section */

/* Begin PBXProject section */
		3B75D1FF2B1435A1004BCF64 /* Project object */ = {
			isa = PBXProject;
			attributes = {
				BuildIndependentTargetsInParallel = 1;
				LastSwiftUpdateCheck = 1530;
				LastUpgradeCheck = 1510;
				TargetAttributes = {
					184520642BF180AA00F64285 = {
						CreatedOnToolsVersion = 15.3;
					};
					3B0605B72B229C3A00F63EC5 = {
						CreatedOnToolsVersion = 15.1;
					};
					3B0605C92B229C3C00F63EC5 = {
						CreatedOnToolsVersion = 15.1;
						TestTargetID = 3B0605B72B229C3A00F63EC5;
					};
					3B0605D32B229C3C00F63EC5 = {
						CreatedOnToolsVersion = 15.1;
						TestTargetID = 3B0605B72B229C3A00F63EC5;
					};
					3B75D2062B1435A1004BCF64 = {
						CreatedOnToolsVersion = 14.3.1;
					};
					3B75D21A2B1435A2004BCF64 = {
						CreatedOnToolsVersion = 14.3.1;
						TestTargetID = 3B75D2062B1435A1004BCF64;
					};
					3B75D2242B1435A2004BCF64 = {
						CreatedOnToolsVersion = 14.3.1;
						TestTargetID = 3B75D2062B1435A1004BCF64;
					};
				};
			};
			buildConfigurationList = 3B75D2022B1435A1004BCF64 /* Build configuration list for PBXProject "FinancesMac" */;
			compatibilityVersion = "Xcode 14.0";
			developmentRegion = en;
			hasScannedForEncodings = 0;
			knownRegions = (
				en,
				Base,
			);
			mainGroup = 3B75D1FE2B1435A1004BCF64;
			productRefGroup = 3B75D2082B1435A1004BCF64 /* Products */;
			projectDirPath = "";
			projectRoot = "";
			targets = (
				3B75D2062B1435A1004BCF64 /* FinancesMac */,
				3B75D21A2B1435A2004BCF64 /* FinancesMacTests */,
				3B75D2242B1435A2004BCF64 /* FinancesMacUITests */,
				3B0605B72B229C3A00F63EC5 /* FinancesIOS */,
				3B0605C92B229C3C00F63EC5 /* FinancesIOSTests */,
				3B0605D32B229C3C00F63EC5 /* FinancesIOSUITests */,
				184520642BF180AA00F64285 /* AppPromoStatsCardViewExtension */,
			);
		};
/* End PBXProject section */

/* Begin PBXResourcesBuildPhase section */
		184520632BF180AA00F64285 /* Resources */ = {
			isa = PBXResourcesBuildPhase;
			buildActionMask = 2147483647;
			files = (
				184520702BF180AB00F64285 /* Assets.xcassets in Resources */,
			);
			runOnlyForDeploymentPostprocessing = 0;
		};
		3B0605B62B229C3A00F63EC5 /* Resources */ = {
			isa = PBXResourcesBuildPhase;
			buildActionMask = 2147483647;
			files = (
				3B0605C42B229C3C00F63EC5 /* Preview Assets.xcassets in Resources */,
				3B0605C12B229C3B00F63EC5 /* Assets.xcassets in Resources */,
			);
			runOnlyForDeploymentPostprocessing = 0;
		};
		3B0605C82B229C3C00F63EC5 /* Resources */ = {
			isa = PBXResourcesBuildPhase;
			buildActionMask = 2147483647;
			files = (
			);
			runOnlyForDeploymentPostprocessing = 0;
		};
		3B0605D22B229C3C00F63EC5 /* Resources */ = {
			isa = PBXResourcesBuildPhase;
			buildActionMask = 2147483647;
			files = (
			);
			runOnlyForDeploymentPostprocessing = 0;
		};
		3B75D2052B1435A1004BCF64 /* Resources */ = {
			isa = PBXResourcesBuildPhase;
			buildActionMask = 2147483647;
			files = (
				3B75D2142B1435A2004BCF64 /* Preview Assets.xcassets in Resources */,
				3B75D2112B1435A2004BCF64 /* Assets.xcassets in Resources */,
			);
			runOnlyForDeploymentPostprocessing = 0;
		};
		3B75D2192B1435A2004BCF64 /* Resources */ = {
			isa = PBXResourcesBuildPhase;
			buildActionMask = 2147483647;
			files = (
			);
			runOnlyForDeploymentPostprocessing = 0;
		};
		3B75D2232B1435A2004BCF64 /* Resources */ = {
			isa = PBXResourcesBuildPhase;
			buildActionMask = 2147483647;
			files = (
			);
			runOnlyForDeploymentPostprocessing = 0;
		};
/* End PBXResourcesBuildPhase section */

/* Begin PBXSourcesBuildPhase section */
		184520612BF180AA00F64285 /* Sources */ = {
			isa = PBXSourcesBuildPhase;
			buildActionMask = 2147483647;
			files = (
				1845206E2BF180AA00F64285 /* AppPromoStatsCardView.swift in Sources */,
				1845206C2BF180AA00F64285 /* AppPromoStatsCardViewBundle.swift in Sources */,
			);
			runOnlyForDeploymentPostprocessing = 0;
		};
		3B0605B42B229C3A00F63EC5 /* Sources */ = {
			isa = PBXSourcesBuildPhase;
			buildActionMask = 2147483647;
			files = (
				3B0605F32B22A0D800F63EC5 /* AppCoordinator.swift in Sources */,
				3B0605F42B22A0D800F63EC5 /* AppStore.swift in Sources */,
				3B0605F22B22A0D500F63EC5 /* SheetsViewApp.swift in Sources */,
				3B0605F62B22A0DE00F63EC5 /* Preview.swift in Sources */,
				3B0605F52B22A0DE00F63EC5 /* UTTypeExtensions.swift in Sources */,
				3B0605BB2B229C3A00F63EC5 /* FinancesIOSApp.swift in Sources */,
			);
			runOnlyForDeploymentPostprocessing = 0;
		};
		3B0605C62B229C3C00F63EC5 /* Sources */ = {
			isa = PBXSourcesBuildPhase;
			buildActionMask = 2147483647;
			files = (
				3B0605CF2B229C3C00F63EC5 /* FinancesIOSTests.swift in Sources */,
			);
			runOnlyForDeploymentPostprocessing = 0;
		};
		3B0605D02B229C3C00F63EC5 /* Sources */ = {
			isa = PBXSourcesBuildPhase;
			buildActionMask = 2147483647;
			files = (
				3B0605D92B229C3C00F63EC5 /* FinancesIOSUITests.swift in Sources */,
				3B0605DB2B229C3C00F63EC5 /* FinancesIOSUITestsLaunchTests.swift in Sources */,
			);
			runOnlyForDeploymentPostprocessing = 0;
		};
		3B75D2032B1435A1004BCF64 /* Sources */ = {
			isa = PBXSourcesBuildPhase;
			buildActionMask = 2147483647;
			files = (
				3BAAC4C82B1D35CB0083F532 /* AppCoordinator.swift in Sources */,
				3BB5E8662B1548540099C83C /* UTTypeExtensions.swift in Sources */,
				3B75D20B2B1435A1004BCF64 /* FinancesMacApp.swift in Sources */,
				3BB5E86A2B15693F0099C83C /* Preview.swift in Sources */,
				3BAAC4CA2B1D36300083F532 /* AppStore.swift in Sources */,
				3BAAC4CD2B1D4CF70083F532 /* SheetsViewApp.swift in Sources */,
				3B75D20F2B1435A1004BCF64 /* ContentView.swift in Sources */,
			);
			runOnlyForDeploymentPostprocessing = 0;
		};
		3B75D2172B1435A2004BCF64 /* Sources */ = {
			isa = PBXSourcesBuildPhase;
			buildActionMask = 2147483647;
			files = (
				3B75D2202B1435A2004BCF64 /* FinancesMacTests.swift in Sources */,
			);
			runOnlyForDeploymentPostprocessing = 0;
		};
		3B75D2212B1435A2004BCF64 /* Sources */ = {
			isa = PBXSourcesBuildPhase;
			buildActionMask = 2147483647;
			files = (
				3B75D22A2B1435A2004BCF64 /* FinancesMacUITests.swift in Sources */,
				3B75D22C2B1435A2004BCF64 /* FinancesMacUITestsLaunchTests.swift in Sources */,
			);
			runOnlyForDeploymentPostprocessing = 0;
		};
/* End PBXSourcesBuildPhase section */

/* Begin PBXTargetDependency section */
		184520732BF180AB00F64285 /* PBXTargetDependency */ = {
			isa = PBXTargetDependency;
			target = 184520642BF180AA00F64285 /* AppPromoStatsCardViewExtension */;
			targetProxy = 184520722BF180AB00F64285 /* PBXContainerItemProxy */;
		};
		3B0605CC2B229C3C00F63EC5 /* PBXTargetDependency */ = {
			isa = PBXTargetDependency;
			target = 3B0605B72B229C3A00F63EC5 /* FinancesIOS */;
			targetProxy = 3B0605CB2B229C3C00F63EC5 /* PBXContainerItemProxy */;
		};
		3B0605D62B229C3C00F63EC5 /* PBXTargetDependency */ = {
			isa = PBXTargetDependency;
			target = 3B0605B72B229C3A00F63EC5 /* FinancesIOS */;
			targetProxy = 3B0605D52B229C3C00F63EC5 /* PBXContainerItemProxy */;
		};
		3B75D21D2B1435A2004BCF64 /* PBXTargetDependency */ = {
			isa = PBXTargetDependency;
			target = 3B75D2062B1435A1004BCF64 /* FinancesMac */;
			targetProxy = 3B75D21C2B1435A2004BCF64 /* PBXContainerItemProxy */;
		};
		3B75D2272B1435A2004BCF64 /* PBXTargetDependency */ = {
			isa = PBXTargetDependency;
			target = 3B75D2062B1435A1004BCF64 /* FinancesMac */;
			targetProxy = 3B75D2262B1435A2004BCF64 /* PBXContainerItemProxy */;
		};
/* End PBXTargetDependency section */

/* Begin XCBuildConfiguration section */
		184520762BF180AB00F64285 /* Debug */ = {
			isa = XCBuildConfiguration;
			buildSettings = {
				ASSETCATALOG_COMPILER_GLOBAL_ACCENT_COLOR_NAME = AccentColor;
				ASSETCATALOG_COMPILER_WIDGET_BACKGROUND_COLOR_NAME = WidgetBackground;
				CODE_SIGN_ENTITLEMENTS = AppPromoStatsCardViewExtension.entitlements;
				CODE_SIGN_STYLE = Automatic;
				CURRENT_PROJECT_VERSION = 1;
				DEVELOPMENT_TEAM = KR99UBUHUT;
				GCC_C_LANGUAGE_STANDARD = gnu17;
				GENERATE_INFOPLIST_FILE = YES;
				INFOPLIST_FILE = AppPromoStatsCardView/Info.plist;
				INFOPLIST_KEY_CFBundleDisplayName = AppPromoStatsCardView;
				INFOPLIST_KEY_NSHumanReadableCopyright = "";
				IPHONEOS_DEPLOYMENT_TARGET = 17.4;
				LD_RUNPATH_SEARCH_PATHS = (
					"$(inherited)",
					"@executable_path/Frameworks",
					"@executable_path/../../Frameworks",
				);
				LOCALIZATION_PREFERS_STRING_CATALOGS = YES;
				MARKETING_VERSION = 1.0;
				PRODUCT_BUNDLE_IDENTIFIER = com.versiculos.FinancesIOS.AppPromoStatsCardView;
				PRODUCT_NAME = "$(TARGET_NAME)";
				SKIP_INSTALL = YES;
				SWIFT_ACTIVE_COMPILATION_CONDITIONS = "DEBUG $(inherited)";
				SWIFT_EMIT_LOC_STRINGS = YES;
				SWIFT_VERSION = 5.0;
				TARGETED_DEVICE_FAMILY = "1,2";
			};
			name = Debug;
		};
		184520772BF180AB00F64285 /* Release */ = {
			isa = XCBuildConfiguration;
			buildSettings = {
				ASSETCATALOG_COMPILER_GLOBAL_ACCENT_COLOR_NAME = AccentColor;
				ASSETCATALOG_COMPILER_WIDGET_BACKGROUND_COLOR_NAME = WidgetBackground;
				CODE_SIGN_ENTITLEMENTS = AppPromoStatsCardViewExtension.entitlements;
				CODE_SIGN_STYLE = Automatic;
				CURRENT_PROJECT_VERSION = 1;
				DEVELOPMENT_TEAM = KR99UBUHUT;
				GCC_C_LANGUAGE_STANDARD = gnu17;
				GENERATE_INFOPLIST_FILE = YES;
				INFOPLIST_FILE = AppPromoStatsCardView/Info.plist;
				INFOPLIST_KEY_CFBundleDisplayName = AppPromoStatsCardView;
				INFOPLIST_KEY_NSHumanReadableCopyright = "";
				IPHONEOS_DEPLOYMENT_TARGET = 17.4;
				LD_RUNPATH_SEARCH_PATHS = (
					"$(inherited)",
					"@executable_path/Frameworks",
					"@executable_path/../../Frameworks",
				);
				LOCALIZATION_PREFERS_STRING_CATALOGS = YES;
				MARKETING_VERSION = 1.0;
				PRODUCT_BUNDLE_IDENTIFIER = com.versiculos.FinancesIOS.AppPromoStatsCardView;
				PRODUCT_NAME = "$(TARGET_NAME)";
				SKIP_INSTALL = YES;
				SWIFT_EMIT_LOC_STRINGS = YES;
				SWIFT_VERSION = 5.0;
				TARGETED_DEVICE_FAMILY = "1,2";
				VALIDATE_PRODUCT = YES;
			};
			name = Release;
		};
		3B0605DD2B229C3C00F63EC5 /* Debug */ = {
			isa = XCBuildConfiguration;
			buildSettings = {
				ALWAYS_EMBED_SWIFT_STANDARD_LIBRARIES = YES;
				ASSETCATALOG_COMPILER_APPICON_NAME = AppIcon;
				ASSETCATALOG_COMPILER_GLOBAL_ACCENT_COLOR_NAME = AccentColor;
				CODE_SIGN_ENTITLEMENTS = FinancesIOS/FinancesIOS.entitlements;
				CODE_SIGN_STYLE = Automatic;
				CURRENT_PROJECT_VERSION = 1;
				DEVELOPMENT_ASSET_PATHS = "\"FinancesIOS/Preview Content\"";
				DEVELOPMENT_TEAM = KR99UBUHUT;
				ENABLE_PREVIEWS = YES;
				GCC_C_LANGUAGE_STANDARD = gnu17;
				GENERATE_INFOPLIST_FILE = YES;
				INFOPLIST_FILE = FinancesIOS/Info.plist;
				INFOPLIST_KEY_NSFaceIDUsageDescription = "Vamos usar pra deboloquear o app, bele?";
				INFOPLIST_KEY_UIApplicationSceneManifest_Generation = YES;
				INFOPLIST_KEY_UIApplicationSupportsIndirectInputEvents = YES;
				INFOPLIST_KEY_UILaunchScreen_Generation = YES;
				INFOPLIST_KEY_UISupportedInterfaceOrientations_iPad = "UIInterfaceOrientationPortrait UIInterfaceOrientationPortraitUpsideDown UIInterfaceOrientationLandscapeLeft UIInterfaceOrientationLandscapeRight";
				INFOPLIST_KEY_UISupportedInterfaceOrientations_iPhone = "UIInterfaceOrientationPortrait UIInterfaceOrientationLandscapeLeft UIInterfaceOrientationLandscapeRight";
				INFOPLIST_KEY_UISupportsDocumentBrowser = YES;
				LD_RUNPATH_SEARCH_PATHS = (
					"$(inherited)",
					"@executable_path/Frameworks",
				);
				LOCALIZATION_PREFERS_STRING_CATALOGS = YES;
				MARKETING_VERSION = 1.0;
				PRODUCT_BUNDLE_IDENTIFIER = com.versiculos.FinancesIOS;
				PRODUCT_NAME = "$(TARGET_NAME)";
				SWIFT_ACTIVE_COMPILATION_CONDITIONS = "DEBUG $(inherited)";
				SWIFT_EMIT_LOC_STRINGS = YES;
				SWIFT_VERSION = 5.0;
				TARGETED_DEVICE_FAMILY = "1,2";
			};
			name = Debug;
		};
		3B0605DE2B229C3C00F63EC5 /* Release */ = {
			isa = XCBuildConfiguration;
			buildSettings = {
				ALWAYS_EMBED_SWIFT_STANDARD_LIBRARIES = YES;
				ASSETCATALOG_COMPILER_APPICON_NAME = AppIcon;
				ASSETCATALOG_COMPILER_GLOBAL_ACCENT_COLOR_NAME = AccentColor;
				CODE_SIGN_ENTITLEMENTS = FinancesIOS/FinancesIOS.entitlements;
				CODE_SIGN_STYLE = Automatic;
				CURRENT_PROJECT_VERSION = 1;
				DEVELOPMENT_ASSET_PATHS = "\"FinancesIOS/Preview Content\"";
				DEVELOPMENT_TEAM = KR99UBUHUT;
				ENABLE_PREVIEWS = YES;
				GCC_C_LANGUAGE_STANDARD = gnu17;
				GENERATE_INFOPLIST_FILE = YES;
				INFOPLIST_FILE = FinancesIOS/Info.plist;
				INFOPLIST_KEY_NSFaceIDUsageDescription = "Vamos usar pra deboloquear o app, bele?";
				INFOPLIST_KEY_UIApplicationSceneManifest_Generation = YES;
				INFOPLIST_KEY_UIApplicationSupportsIndirectInputEvents = YES;
				INFOPLIST_KEY_UILaunchScreen_Generation = YES;
				INFOPLIST_KEY_UISupportedInterfaceOrientations_iPad = "UIInterfaceOrientationPortrait UIInterfaceOrientationPortraitUpsideDown UIInterfaceOrientationLandscapeLeft UIInterfaceOrientationLandscapeRight";
				INFOPLIST_KEY_UISupportedInterfaceOrientations_iPhone = "UIInterfaceOrientationPortrait UIInterfaceOrientationLandscapeLeft UIInterfaceOrientationLandscapeRight";
				INFOPLIST_KEY_UISupportsDocumentBrowser = YES;
				LD_RUNPATH_SEARCH_PATHS = (
					"$(inherited)",
					"@executable_path/Frameworks",
				);
				LOCALIZATION_PREFERS_STRING_CATALOGS = YES;
				MARKETING_VERSION = 1.0;
				PRODUCT_BUNDLE_IDENTIFIER = com.versiculos.FinancesIOS;
				PRODUCT_NAME = "$(TARGET_NAME)";
				SWIFT_EMIT_LOC_STRINGS = YES;
				SWIFT_VERSION = 5.0;
				TARGETED_DEVICE_FAMILY = "1,2";
				VALIDATE_PRODUCT = YES;
			};
			name = Release;
		};
		3B0605E02B229C3C00F63EC5 /* Debug */ = {
			isa = XCBuildConfiguration;
			buildSettings = {
				ALWAYS_EMBED_SWIFT_STANDARD_LIBRARIES = YES;
				BUNDLE_LOADER = "$(TEST_HOST)";
				CODE_SIGN_STYLE = Automatic;
				CURRENT_PROJECT_VERSION = 1;
				DEVELOPMENT_TEAM = KR99UBUHUT;
				GCC_C_LANGUAGE_STANDARD = gnu17;
				GENERATE_INFOPLIST_FILE = YES;
				IPHONEOS_DEPLOYMENT_TARGET = 17.2;
				LOCALIZATION_PREFERS_STRING_CATALOGS = YES;
				MARKETING_VERSION = 1.0;
				PRODUCT_BUNDLE_IDENTIFIER = com.versiculos.FinancesIOSTests;
				PRODUCT_NAME = "$(TARGET_NAME)";
				SWIFT_ACTIVE_COMPILATION_CONDITIONS = "DEBUG $(inherited)";
				SWIFT_EMIT_LOC_STRINGS = NO;
				SWIFT_VERSION = 5.0;
				TARGETED_DEVICE_FAMILY = "1,2";
				TEST_HOST = "$(BUILT_PRODUCTS_DIR)/FinancesIOS.app/$(BUNDLE_EXECUTABLE_FOLDER_PATH)/FinancesIOS";
			};
			name = Debug;
		};
		3B0605E12B229C3C00F63EC5 /* Release */ = {
			isa = XCBuildConfiguration;
			buildSettings = {
				ALWAYS_EMBED_SWIFT_STANDARD_LIBRARIES = YES;
				BUNDLE_LOADER = "$(TEST_HOST)";
				CODE_SIGN_STYLE = Automatic;
				CURRENT_PROJECT_VERSION = 1;
				DEVELOPMENT_TEAM = KR99UBUHUT;
				GCC_C_LANGUAGE_STANDARD = gnu17;
				GENERATE_INFOPLIST_FILE = YES;
				IPHONEOS_DEPLOYMENT_TARGET = 17.2;
				LOCALIZATION_PREFERS_STRING_CATALOGS = YES;
				MARKETING_VERSION = 1.0;
				PRODUCT_BUNDLE_IDENTIFIER = com.versiculos.FinancesIOSTests;
				PRODUCT_NAME = "$(TARGET_NAME)";
				SWIFT_EMIT_LOC_STRINGS = NO;
				SWIFT_VERSION = 5.0;
				TARGETED_DEVICE_FAMILY = "1,2";
				TEST_HOST = "$(BUILT_PRODUCTS_DIR)/FinancesIOS.app/$(BUNDLE_EXECUTABLE_FOLDER_PATH)/FinancesIOS";
				VALIDATE_PRODUCT = YES;
			};
			name = Release;
		};
		3B0605E32B229C3C00F63EC5 /* Debug */ = {
			isa = XCBuildConfiguration;
			buildSettings = {
				ALWAYS_EMBED_SWIFT_STANDARD_LIBRARIES = YES;
				CODE_SIGN_STYLE = Automatic;
				CURRENT_PROJECT_VERSION = 1;
				DEVELOPMENT_TEAM = KR99UBUHUT;
				GCC_C_LANGUAGE_STANDARD = gnu17;
				GENERATE_INFOPLIST_FILE = YES;
				LOCALIZATION_PREFERS_STRING_CATALOGS = YES;
				MARKETING_VERSION = 1.0;
				PRODUCT_BUNDLE_IDENTIFIER = com.versiculos.FinancesIOSUITests;
				PRODUCT_NAME = "$(TARGET_NAME)";
				SWIFT_ACTIVE_COMPILATION_CONDITIONS = "DEBUG $(inherited)";
				SWIFT_EMIT_LOC_STRINGS = NO;
				SWIFT_VERSION = 5.0;
				TARGETED_DEVICE_FAMILY = "1,2";
				TEST_TARGET_NAME = FinancesIOS;
			};
			name = Debug;
		};
		3B0605E42B229C3C00F63EC5 /* Release */ = {
			isa = XCBuildConfiguration;
			buildSettings = {
				ALWAYS_EMBED_SWIFT_STANDARD_LIBRARIES = YES;
				CODE_SIGN_STYLE = Automatic;
				CURRENT_PROJECT_VERSION = 1;
				DEVELOPMENT_TEAM = KR99UBUHUT;
				GCC_C_LANGUAGE_STANDARD = gnu17;
				GENERATE_INFOPLIST_FILE = YES;
				LOCALIZATION_PREFERS_STRING_CATALOGS = YES;
				MARKETING_VERSION = 1.0;
				PRODUCT_BUNDLE_IDENTIFIER = com.versiculos.FinancesIOSUITests;
				PRODUCT_NAME = "$(TARGET_NAME)";
				SWIFT_EMIT_LOC_STRINGS = NO;
				SWIFT_VERSION = 5.0;
				TARGETED_DEVICE_FAMILY = "1,2";
				TEST_TARGET_NAME = FinancesIOS;
				VALIDATE_PRODUCT = YES;
			};
			name = Release;
		};
		3B75D22D2B1435A2004BCF64 /* Debug */ = {
			isa = XCBuildConfiguration;
			buildSettings = {
				ALWAYS_SEARCH_USER_PATHS = NO;
				ASSETCATALOG_COMPILER_GENERATE_SWIFT_ASSET_SYMBOL_EXTENSIONS = YES;
				CLANG_ANALYZER_NONNULL = YES;
				CLANG_ANALYZER_NUMBER_OBJECT_CONVERSION = YES_AGGRESSIVE;
				CLANG_CXX_LANGUAGE_STANDARD = "gnu++20";
				CLANG_ENABLE_MODULES = YES;
				CLANG_ENABLE_OBJC_ARC = YES;
				CLANG_ENABLE_OBJC_WEAK = YES;
				CLANG_WARN_BLOCK_CAPTURE_AUTORELEASING = YES;
				CLANG_WARN_BOOL_CONVERSION = YES;
				CLANG_WARN_COMMA = YES;
				CLANG_WARN_CONSTANT_CONVERSION = YES;
				CLANG_WARN_DEPRECATED_OBJC_IMPLEMENTATIONS = YES;
				CLANG_WARN_DIRECT_OBJC_ISA_USAGE = YES_ERROR;
				CLANG_WARN_DOCUMENTATION_COMMENTS = YES;
				CLANG_WARN_EMPTY_BODY = YES;
				CLANG_WARN_ENUM_CONVERSION = YES;
				CLANG_WARN_INFINITE_RECURSION = YES;
				CLANG_WARN_INT_CONVERSION = YES;
				CLANG_WARN_NON_LITERAL_NULL_CONVERSION = YES;
				CLANG_WARN_OBJC_IMPLICIT_RETAIN_SELF = YES;
				CLANG_WARN_OBJC_LITERAL_CONVERSION = YES;
				CLANG_WARN_OBJC_ROOT_CLASS = YES_ERROR;
				CLANG_WARN_QUOTED_INCLUDE_IN_FRAMEWORK_HEADER = YES;
				CLANG_WARN_RANGE_LOOP_ANALYSIS = YES;
				CLANG_WARN_STRICT_PROTOTYPES = YES;
				CLANG_WARN_SUSPICIOUS_MOVE = YES;
				CLANG_WARN_UNGUARDED_AVAILABILITY = YES_AGGRESSIVE;
				CLANG_WARN_UNREACHABLE_CODE = YES;
				CLANG_WARN__DUPLICATE_METHOD_MATCH = YES;
				COPY_PHASE_STRIP = NO;
				DEBUG_INFORMATION_FORMAT = dwarf;
				ENABLE_STRICT_OBJC_MSGSEND = YES;
				ENABLE_TESTABILITY = YES;
				ENABLE_USER_SCRIPT_SANDBOXING = YES;
				GCC_C_LANGUAGE_STANDARD = gnu11;
				GCC_DYNAMIC_NO_PIC = NO;
				GCC_NO_COMMON_BLOCKS = YES;
				GCC_OPTIMIZATION_LEVEL = 0;
				GCC_PREPROCESSOR_DEFINITIONS = (
					"DEBUG=1",
					"$(inherited)",
				);
				GCC_WARN_64_TO_32_BIT_CONVERSION = YES;
				GCC_WARN_ABOUT_RETURN_TYPE = YES_ERROR;
				GCC_WARN_UNDECLARED_SELECTOR = YES;
				GCC_WARN_UNINITIALIZED_AUTOS = YES_AGGRESSIVE;
				GCC_WARN_UNUSED_FUNCTION = YES;
				GCC_WARN_UNUSED_VARIABLE = YES;
				IPHONEOS_DEPLOYMENT_TARGET = 17.2;
				MACOSX_DEPLOYMENT_TARGET = 14.2;
				MTL_ENABLE_DEBUG_INFO = INCLUDE_SOURCE;
				MTL_FAST_MATH = YES;
				ONLY_ACTIVE_ARCH = YES;
				SDKROOT = iphoneos;
				SWIFT_ACTIVE_COMPILATION_CONDITIONS = DEBUG;
				SWIFT_OPTIMIZATION_LEVEL = "-Onone";
			};
			name = Debug;
		};
		3B75D22E2B1435A2004BCF64 /* Release */ = {
			isa = XCBuildConfiguration;
			buildSettings = {
				ALWAYS_SEARCH_USER_PATHS = NO;
				ASSETCATALOG_COMPILER_GENERATE_SWIFT_ASSET_SYMBOL_EXTENSIONS = YES;
				CLANG_ANALYZER_NONNULL = YES;
				CLANG_ANALYZER_NUMBER_OBJECT_CONVERSION = YES_AGGRESSIVE;
				CLANG_CXX_LANGUAGE_STANDARD = "gnu++20";
				CLANG_ENABLE_MODULES = YES;
				CLANG_ENABLE_OBJC_ARC = YES;
				CLANG_ENABLE_OBJC_WEAK = YES;
				CLANG_WARN_BLOCK_CAPTURE_AUTORELEASING = YES;
				CLANG_WARN_BOOL_CONVERSION = YES;
				CLANG_WARN_COMMA = YES;
				CLANG_WARN_CONSTANT_CONVERSION = YES;
				CLANG_WARN_DEPRECATED_OBJC_IMPLEMENTATIONS = YES;
				CLANG_WARN_DIRECT_OBJC_ISA_USAGE = YES_ERROR;
				CLANG_WARN_DOCUMENTATION_COMMENTS = YES;
				CLANG_WARN_EMPTY_BODY = YES;
				CLANG_WARN_ENUM_CONVERSION = YES;
				CLANG_WARN_INFINITE_RECURSION = YES;
				CLANG_WARN_INT_CONVERSION = YES;
				CLANG_WARN_NON_LITERAL_NULL_CONVERSION = YES;
				CLANG_WARN_OBJC_IMPLICIT_RETAIN_SELF = YES;
				CLANG_WARN_OBJC_LITERAL_CONVERSION = YES;
				CLANG_WARN_OBJC_ROOT_CLASS = YES_ERROR;
				CLANG_WARN_QUOTED_INCLUDE_IN_FRAMEWORK_HEADER = YES;
				CLANG_WARN_RANGE_LOOP_ANALYSIS = YES;
				CLANG_WARN_STRICT_PROTOTYPES = YES;
				CLANG_WARN_SUSPICIOUS_MOVE = YES;
				CLANG_WARN_UNGUARDED_AVAILABILITY = YES_AGGRESSIVE;
				CLANG_WARN_UNREACHABLE_CODE = YES;
				CLANG_WARN__DUPLICATE_METHOD_MATCH = YES;
				COPY_PHASE_STRIP = NO;
				DEBUG_INFORMATION_FORMAT = "dwarf-with-dsym";
				ENABLE_NS_ASSERTIONS = NO;
				ENABLE_STRICT_OBJC_MSGSEND = YES;
				ENABLE_USER_SCRIPT_SANDBOXING = YES;
				GCC_C_LANGUAGE_STANDARD = gnu11;
				GCC_NO_COMMON_BLOCKS = YES;
				GCC_WARN_64_TO_32_BIT_CONVERSION = YES;
				GCC_WARN_ABOUT_RETURN_TYPE = YES_ERROR;
				GCC_WARN_UNDECLARED_SELECTOR = YES;
				GCC_WARN_UNINITIALIZED_AUTOS = YES_AGGRESSIVE;
				GCC_WARN_UNUSED_FUNCTION = YES;
				GCC_WARN_UNUSED_VARIABLE = YES;
				IPHONEOS_DEPLOYMENT_TARGET = 17.2;
				MACOSX_DEPLOYMENT_TARGET = 14.2;
				MTL_ENABLE_DEBUG_INFO = NO;
				MTL_FAST_MATH = YES;
				SDKROOT = iphoneos;
				SWIFT_COMPILATION_MODE = wholemodule;
				SWIFT_OPTIMIZATION_LEVEL = "-O";
			};
			name = Release;
		};
		3B75D2302B1435A2004BCF64 /* Debug */ = {
			isa = XCBuildConfiguration;
			buildSettings = {
				ASSETCATALOG_COMPILER_APPICON_NAME = AppIcon;
				ASSETCATALOG_COMPILER_GLOBAL_ACCENT_COLOR_NAME = AccentColor;
				CODE_SIGN_ENTITLEMENTS = FinancesMac/FinancesMac.entitlements;
				CODE_SIGN_STYLE = Automatic;
				COMBINE_HIDPI_IMAGES = YES;
				CURRENT_PROJECT_VERSION = 1;
				DEVELOPMENT_ASSET_PATHS = "\"FinancesMac/Preview Content\"";
				DEVELOPMENT_TEAM = KR99UBUHUT;
				ENABLE_HARDENED_RUNTIME = YES;
				ENABLE_PREVIEWS = YES;
				GENERATE_INFOPLIST_FILE = YES;
				INFOPLIST_FILE = FinancesMac/Info.plist;
				INFOPLIST_KEY_LSApplicationCategoryType = "public.app-category.finance";
				INFOPLIST_KEY_NSHumanReadableCopyright = "";
				INFOPLIST_KEY_UISupportsDocumentBrowser = YES;
				LD_RUNPATH_SEARCH_PATHS = (
					"$(inherited)",
					"@executable_path/../Frameworks",
				);
				MARKETING_VERSION = 1.0;
				PRODUCT_BUNDLE_IDENTIFIER = com.versiculos.FinancesMac;
				PRODUCT_NAME = "$(TARGET_NAME)";
				SWIFT_EMIT_LOC_STRINGS = YES;
				SWIFT_VERSION = 5.0;
			};
			name = Debug;
		};
		3B75D2312B1435A2004BCF64 /* Release */ = {
			isa = XCBuildConfiguration;
			buildSettings = {
				ASSETCATALOG_COMPILER_APPICON_NAME = AppIcon;
				ASSETCATALOG_COMPILER_GLOBAL_ACCENT_COLOR_NAME = AccentColor;
				CODE_SIGN_ENTITLEMENTS = FinancesMac/FinancesMac.entitlements;
				CODE_SIGN_STYLE = Automatic;
				COMBINE_HIDPI_IMAGES = YES;
				CURRENT_PROJECT_VERSION = 1;
				DEVELOPMENT_ASSET_PATHS = "\"FinancesMac/Preview Content\"";
				DEVELOPMENT_TEAM = KR99UBUHUT;
				ENABLE_HARDENED_RUNTIME = YES;
				ENABLE_PREVIEWS = YES;
				GENERATE_INFOPLIST_FILE = YES;
				INFOPLIST_FILE = FinancesMac/Info.plist;
				INFOPLIST_KEY_LSApplicationCategoryType = "public.app-category.finance";
				INFOPLIST_KEY_NSHumanReadableCopyright = "";
				INFOPLIST_KEY_UISupportsDocumentBrowser = YES;
				LD_RUNPATH_SEARCH_PATHS = (
					"$(inherited)",
					"@executable_path/../Frameworks",
				);
				MARKETING_VERSION = 1.0;
				PRODUCT_BUNDLE_IDENTIFIER = com.versiculos.FinancesMac;
				PRODUCT_NAME = "$(TARGET_NAME)";
				SWIFT_EMIT_LOC_STRINGS = YES;
				SWIFT_VERSION = 5.0;
			};
			name = Release;
		};
		3B75D2332B1435A2004BCF64 /* Debug */ = {
			isa = XCBuildConfiguration;
			buildSettings = {
				ALWAYS_EMBED_SWIFT_STANDARD_LIBRARIES = YES;
				BUNDLE_LOADER = "$(TEST_HOST)";
				CODE_SIGN_STYLE = Automatic;
				CURRENT_PROJECT_VERSION = 1;
				DEVELOPMENT_TEAM = KR99UBUHUT;
				GENERATE_INFOPLIST_FILE = YES;
				MACOSX_DEPLOYMENT_TARGET = 13.3;
				MARKETING_VERSION = 1.0;
				PRODUCT_BUNDLE_IDENTIFIER = com.versiculos.FinancesMacTests;
				PRODUCT_NAME = "$(TARGET_NAME)";
				SWIFT_EMIT_LOC_STRINGS = NO;
				SWIFT_VERSION = 5.0;
				TEST_HOST = "$(BUILT_PRODUCTS_DIR)/FinancesMac.app/$(BUNDLE_EXECUTABLE_FOLDER_PATH)/FinancesMac";
			};
			name = Debug;
		};
		3B75D2342B1435A2004BCF64 /* Release */ = {
			isa = XCBuildConfiguration;
			buildSettings = {
				ALWAYS_EMBED_SWIFT_STANDARD_LIBRARIES = YES;
				BUNDLE_LOADER = "$(TEST_HOST)";
				CODE_SIGN_STYLE = Automatic;
				CURRENT_PROJECT_VERSION = 1;
				DEVELOPMENT_TEAM = KR99UBUHUT;
				GENERATE_INFOPLIST_FILE = YES;
				MACOSX_DEPLOYMENT_TARGET = 13.3;
				MARKETING_VERSION = 1.0;
				PRODUCT_BUNDLE_IDENTIFIER = com.versiculos.FinancesMacTests;
				PRODUCT_NAME = "$(TARGET_NAME)";
				SWIFT_EMIT_LOC_STRINGS = NO;
				SWIFT_VERSION = 5.0;
				TEST_HOST = "$(BUILT_PRODUCTS_DIR)/FinancesMac.app/$(BUNDLE_EXECUTABLE_FOLDER_PATH)/FinancesMac";
			};
			name = Release;
		};
		3B75D2362B1435A2004BCF64 /* Debug */ = {
			isa = XCBuildConfiguration;
			buildSettings = {
				ALWAYS_EMBED_SWIFT_STANDARD_LIBRARIES = YES;
				CODE_SIGN_STYLE = Automatic;
				CURRENT_PROJECT_VERSION = 1;
				DEVELOPMENT_TEAM = KR99UBUHUT;
				GENERATE_INFOPLIST_FILE = YES;
				MARKETING_VERSION = 1.0;
				PRODUCT_BUNDLE_IDENTIFIER = com.versiculos.FinancesMacUITests;
				PRODUCT_NAME = "$(TARGET_NAME)";
				SWIFT_EMIT_LOC_STRINGS = NO;
				SWIFT_VERSION = 5.0;
				TEST_TARGET_NAME = FinancesMac;
			};
			name = Debug;
		};
		3B75D2372B1435A2004BCF64 /* Release */ = {
			isa = XCBuildConfiguration;
			buildSettings = {
				ALWAYS_EMBED_SWIFT_STANDARD_LIBRARIES = YES;
				CODE_SIGN_STYLE = Automatic;
				CURRENT_PROJECT_VERSION = 1;
				DEVELOPMENT_TEAM = KR99UBUHUT;
				GENERATE_INFOPLIST_FILE = YES;
				MARKETING_VERSION = 1.0;
				PRODUCT_BUNDLE_IDENTIFIER = com.versiculos.FinancesMacUITests;
				PRODUCT_NAME = "$(TARGET_NAME)";
				SWIFT_EMIT_LOC_STRINGS = NO;
				SWIFT_VERSION = 5.0;
				TEST_TARGET_NAME = FinancesMac;
			};
			name = Release;
		};
/* End XCBuildConfiguration section */

/* Begin XCConfigurationList section */
		184520782BF180AB00F64285 /* Build configuration list for PBXNativeTarget "AppPromoStatsCardViewExtension" */ = {
			isa = XCConfigurationList;
			buildConfigurations = (
				184520762BF180AB00F64285 /* Debug */,
				184520772BF180AB00F64285 /* Release */,
			);
			defaultConfigurationIsVisible = 0;
			defaultConfigurationName = Release;
		};
		3B0605DC2B229C3C00F63EC5 /* Build configuration list for PBXNativeTarget "FinancesIOS" */ = {
			isa = XCConfigurationList;
			buildConfigurations = (
				3B0605DD2B229C3C00F63EC5 /* Debug */,
				3B0605DE2B229C3C00F63EC5 /* Release */,
			);
			defaultConfigurationIsVisible = 0;
			defaultConfigurationName = Release;
		};
		3B0605DF2B229C3C00F63EC5 /* Build configuration list for PBXNativeTarget "FinancesIOSTests" */ = {
			isa = XCConfigurationList;
			buildConfigurations = (
				3B0605E02B229C3C00F63EC5 /* Debug */,
				3B0605E12B229C3C00F63EC5 /* Release */,
			);
			defaultConfigurationIsVisible = 0;
			defaultConfigurationName = Release;
		};
		3B0605E22B229C3C00F63EC5 /* Build configuration list for PBXNativeTarget "FinancesIOSUITests" */ = {
			isa = XCConfigurationList;
			buildConfigurations = (
				3B0605E32B229C3C00F63EC5 /* Debug */,
				3B0605E42B229C3C00F63EC5 /* Release */,
			);
			defaultConfigurationIsVisible = 0;
			defaultConfigurationName = Release;
		};
		3B75D2022B1435A1004BCF64 /* Build configuration list for PBXProject "FinancesMac" */ = {
			isa = XCConfigurationList;
			buildConfigurations = (
				3B75D22D2B1435A2004BCF64 /* Debug */,
				3B75D22E2B1435A2004BCF64 /* Release */,
			);
			defaultConfigurationIsVisible = 0;
			defaultConfigurationName = Release;
		};
		3B75D22F2B1435A2004BCF64 /* Build configuration list for PBXNativeTarget "FinancesMac" */ = {
			isa = XCConfigurationList;
			buildConfigurations = (
				3B75D2302B1435A2004BCF64 /* Debug */,
				3B75D2312B1435A2004BCF64 /* Release */,
			);
			defaultConfigurationIsVisible = 0;
			defaultConfigurationName = Release;
		};
		3B75D2322B1435A2004BCF64 /* Build configuration list for PBXNativeTarget "FinancesMacTests" */ = {
			isa = XCConfigurationList;
			buildConfigurations = (
				3B75D2332B1435A2004BCF64 /* Debug */,
				3B75D2342B1435A2004BCF64 /* Release */,
			);
			defaultConfigurationIsVisible = 0;
			defaultConfigurationName = Release;
		};
		3B75D2352B1435A2004BCF64 /* Build configuration list for PBXNativeTarget "FinancesMacUITests" */ = {
			isa = XCConfigurationList;
			buildConfigurations = (
				3B75D2362B1435A2004BCF64 /* Debug */,
				3B75D2372B1435A2004BCF64 /* Release */,
			);
			defaultConfigurationIsVisible = 0;
			defaultConfigurationName = Release;
		};
/* End XCConfigurationList section */

/* Begin XCSwiftPackageProductDependency section */
		184520792BF1847900F64285 /* AppPromo */ = {
			isa = XCSwiftPackageProductDependency;
			productName = AppPromo;
		};
		1845207B2BF1847900F64285 /* FoundationUtils */ = {
			isa = XCSwiftPackageProductDependency;
			productName = FoundationUtils;
		};
		1845207D2BF1847900F64285 /* SwiftUIComponents */ = {
			isa = XCSwiftPackageProductDependency;
			productName = SwiftUIComponents;
		};
		3B0605EB2B22A04600F63EC5 /* FinancesApp */ = {
			isa = XCSwiftPackageProductDependency;
			productName = FinancesApp;
		};
		3B1211D02B26C23500274A20 /* FinancesDB */ = {
			isa = XCSwiftPackageProductDependency;
			productName = FinancesDB;
		};
		3B75D2392B143695004BCF64 /* FinancesApp */ = {
			isa = XCSwiftPackageProductDependency;
			productName = FinancesApp;
		};
		3B75D23B2B143695004BCF64 /* FinancesCore */ = {
			isa = XCSwiftPackageProductDependency;
			productName = FinancesCore;
		};
		3BB5E8672B1549280099C83C /* FinancesDB */ = {
			isa = XCSwiftPackageProductDependency;
			productName = FinancesDB;
		};
		3BE0D7F32B2DC85500F518D7 /* AppPromo */ = {
			isa = XCSwiftPackageProductDependency;
			productName = AppPromo;
		};
		3BE0D7F52B2DC85500F518D7 /* CloudApp */ = {
			isa = XCSwiftPackageProductDependency;
			productName = CloudApp;
		};
		3BE0D7F72B2DC85500F518D7 /* ExpenseTrackerDesignCode */ = {
			isa = XCSwiftPackageProductDependency;
			productName = ExpenseTrackerDesignCode;
		};
		3BE0D7F92B2DC85500F518D7 /* ExpenseTrackerKavsoft */ = {
			isa = XCSwiftPackageProductDependency;
			productName = ExpenseTrackerKavsoft;
		};
		3BE0D7FB2B2DC85500F518D7 /* Wallet */ = {
			isa = XCSwiftPackageProductDependency;
			productName = Wallet;
		};
		3BE790DB2B26C1720068B8C5 /* FinancesCore */ = {
			isa = XCSwiftPackageProductDependency;
			productName = FinancesCore;
		};
/* End XCSwiftPackageProductDependency section */
	};
	rootObject = 3B75D1FF2B1435A1004BCF64 /* Project object */;
}
